
Microsoft Visual Studio Solution File, Format Version 12.00
# Visual Studio Version 17
VisualStudioVersion = 17.0.31903.59
MinimumVisualStudioVersion = 10.0.40219.1
Project("{FAE04EC0-301F-11D3-BF4B-00C04F79EFBC}") = "GachaBot", "GachaBot.csproj", "{B17FA5FC-7AE8-4289-9467-F5A8084B446B}"
EndProject
Global
	GlobalSection(SolutionConfigurationPlatforms) = preSolution
		Debug|Any CPU = Debug|Any CPU
		Release|Any CPU = Release|Any CPU
	EndGlobalSection
	GlobalSection(ProjectConfigurationPlatforms) = postSolution
		{B17FA5FC-7AE8-4289-9467-F5A8084B446B}.Debug|Any CPU.ActiveCfg = Debug|Any CPU
		{B17FA5FC-7AE8-4289-9467-F5A8084B446B}.Debug|Any CPU.Build.0 = Debug|Any CPU
		{B17FA5FC-7AE8-4289-9467-F5A8084B446B}.Release|Any CPU.ActiveCfg = Release|Any CPU
		{B17FA5FC-7AE8-4289-9467-F5A8084B446B}.Release|Any CPU.Build.0 = Release|Any CPU
	EndGlobalSection
	GlobalSection(SolutionProperties) = preSolution
		HideSolutionNode = FALSE
	EndGlobalSection
	GlobalSection(ExtensibilityGlobals) = postSolution
		SolutionGuid = {45AECA4A-BE9F-43DD-B048-348EFCD97B07}
	EndGlobalSection
EndGlobal
